<?xml version="1.0" encoding="utf-8"?>
<Project ToolsVersion="4.0" xmlns="http://schemas.microsoft.com/developer/msbuild/2003">
  <ItemGroup>
    <Filter Include="소스 파일">
      <UniqueIdentifier>{4FC737F1-C7A5-4376-A066-2A32D752A2FF}</UniqueIdentifier>
      <Extensions>cpp;c;cc;cxx;c++;cppm;ixx;def;odl;idl;hpj;bat;asm;asmx</Extensions>
    </Filter>
    <Filter Include="헤더 파일">
      <UniqueIdentifier>{93995380-89BD-4b04-88EB-625FBE52EBFB}</UniqueIdentifier>
      <Extensions>h;hh;hpp;hxx;h++;hm;inl;inc;ipp;xsd</Extensions>
    </Filter>
    <Filter Include="리소스 파일">
      <UniqueIdentifier>{67DA6AB6-F800-4c08-8B7A-83BB121AAD01}</UniqueIdentifier>
      <Extensions>rc;ico;cur;bmp;dlg;rc2;rct;bin;rgs;gif;jpg;jpeg;jpe;resx;tiff;tif;png;wav;mfcribbon-ms</Extensions>
    </Filter>
    <Filter Include="소스 파일\BEFORE">
      <UniqueIdentifier>{4fe3f7dc-4914-4813-b619-f23d4e2f3223}</UniqueIdentifier>
    </Filter>
    <Filter Include="소스 파일\DP">
      <UniqueIdentifier>{0d57f24c-1ff2-409b-a352-f02eae574d23}</UniqueIdentifier>
    </Filter>
    <Filter Include="소스 파일\STRUCTURE">
      <UniqueIdentifier>{8b2b9ea7-d42d-438f-a300-f0394ac0372e}</UniqueIdentifier>
    </Filter>
    <Filter Include="소스 파일\RE">
      <UniqueIdentifier>{0075368e-ce35-4160-a9e2-1eedd851b05a}</UniqueIdentifier>
    </Filter>
    <Filter Include="소스 파일\SWEA">
      <UniqueIdentifier>{89f8cb52-0dfb-4e55-9224-e544b749bdd3}</UniqueIdentifier>
    </Filter>
  </ItemGroup>
  <ItemGroup>
    <ClCompile Include="temp.cpp">
      <Filter>소스 파일</Filter>
    </ClCompile>
    <ClCompile Include="12891.cpp">
      <Filter>소스 파일\BEFORE</Filter>
    </ClCompile>
    <ClCompile Include="1167.cpp">
      <Filter>소스 파일\BEFORE</Filter>
    </ClCompile>
    <ClCompile Include="1920.cpp">
      <Filter>소스 파일\BEFORE</Filter>
    </ClCompile>
    <ClCompile Include="1260.cpp">
      <Filter>소스 파일\BEFORE</Filter>
    </ClCompile>
    <ClCompile Include="1874.cpp">
      <Filter>소스 파일\BEFORE</Filter>
    </ClCompile>
    <ClCompile Include="1253.cpp">
      <Filter>소스 파일\BEFORE</Filter>
    </ClCompile>
    <ClCompile Include="1940.cpp">
      <Filter>소스 파일\BEFORE</Filter>
    </ClCompile>
    <ClCompile Include="2018.cpp">
      <Filter>소스 파일\BEFORE</Filter>
    </ClCompile>
    <ClCompile Include="2164.cpp">
      <Filter>소스 파일\BEFORE</Filter>
    </ClCompile>
    <ClCompile Include="2178.cpp">
      <Filter>소스 파일\BEFORE</Filter>
    </ClCompile>
    <ClCompile Include="2343.cpp">
      <Filter>소스 파일\BEFORE</Filter>
    </ClCompile>
    <ClCompile Include="11003.cpp">
      <Filter>소스 파일\BEFORE</Filter>
    </ClCompile>
    <ClCompile Include="11286.cpp">
      <Filter>소스 파일\BEFORE</Filter>
    </ClCompile>
    <ClCompile Include="11659.cpp">
      <Filter>소스 파일\BEFORE</Filter>
    </ClCompile>
    <ClCompile Include="11660.cpp">
      <Filter>소스 파일\BEFORE</Filter>
    </ClCompile>
    <ClCompile Include="11724.cpp">
      <Filter>소스 파일\BEFORE</Filter>
    </ClCompile>
    <ClCompile Include="11720.cpp">
      <Filter>소스 파일\BEFORE</Filter>
    </ClCompile>
    <ClCompile Include="17298.cpp">
      <Filter>소스 파일\BEFORE</Filter>
    </ClCompile>
    <ClCompile Include="15686.cpp">
      <Filter>소스 파일\BEFORE</Filter>
    </ClCompile>
    <ClCompile Include="2589.cpp">
      <Filter>소스 파일\BEFORE</Filter>
    </ClCompile>
    <ClCompile Include="1325.cpp">
      <Filter>소스 파일\BEFORE</Filter>
    </ClCompile>
    <ClCompile Include="1436.cpp">
      <Filter>소스 파일\BEFORE</Filter>
    </ClCompile>
    <ClCompile Include="1717.cpp">
      <Filter>소스 파일\BEFORE</Filter>
    </ClCompile>
    <ClCompile Include="18352.cpp">
      <Filter>소스 파일\BEFORE</Filter>
    </ClCompile>
    <ClCompile Include="16234.cpp">
      <Filter>소스 파일\BEFORE</Filter>
    </ClCompile>
    <ClCompile Include="14500.cpp">
      <Filter>소스 파일\BEFORE</Filter>
    </ClCompile>
    <ClCompile Include="14499.cpp">
      <Filter>소스 파일\BEFORE</Filter>
    </ClCompile>
    <ClCompile Include="13460.cpp">
      <Filter>소스 파일\BEFORE</Filter>
    </ClCompile>
    <ClCompile Include="13458.cpp">
      <Filter>소스 파일\BEFORE</Filter>
    </ClCompile>
    <ClCompile Include="12851.cpp">
      <Filter>소스 파일\BEFORE</Filter>
    </ClCompile>
    <ClCompile Include="12100.cpp">
      <Filter>소스 파일\BEFORE</Filter>
    </ClCompile>
    <ClCompile Include="3190.cpp">
      <Filter>소스 파일\BEFORE</Filter>
    </ClCompile>
    <ClCompile Include="1189.cpp">
      <Filter>소스 파일\BEFORE</Filter>
    </ClCompile>
    <ClCompile Include="4179.cpp">
      <Filter>소스 파일\BEFORE</Filter>
    </ClCompile>
    <ClCompile Include="14501.cpp">
      <Filter>소스 파일\BEFORE</Filter>
    </ClCompile>
    <ClCompile Include="14503.cpp">
      <Filter>소스 파일\BEFORE</Filter>
    </ClCompile>
    <ClCompile Include="14888.cpp">
      <Filter>소스 파일\BEFORE</Filter>
    </ClCompile>
    <ClCompile Include="14889.cpp">
      <Filter>소스 파일\BEFORE</Filter>
    </ClCompile>
    <ClCompile Include="14890.cpp">
      <Filter>소스 파일\BEFORE</Filter>
    </ClCompile>
    <ClCompile Include="15684.cpp">
      <Filter>소스 파일\BEFORE</Filter>
    </ClCompile>
    <ClCompile Include="14891.cpp">
      <Filter>소스 파일\BEFORE</Filter>
    </ClCompile>
    <ClCompile Include="15683.cpp">
      <Filter>소스 파일\BEFORE</Filter>
    </ClCompile>
    <ClCompile Include="15685.cpp">
      <Filter>소스 파일\BEFORE</Filter>
    </ClCompile>
    <ClCompile Include="DP_1.cpp">
      <Filter>소스 파일\DP</Filter>
    </ClCompile>
    <ClCompile Include="DP_4.cpp">
      <Filter>소스 파일\DP</Filter>
    </ClCompile>
    <ClCompile Include="DP_2.cpp">
      <Filter>소스 파일\DP</Filter>
    </ClCompile>
    <ClCompile Include="DP_3.cpp">
      <Filter>소스 파일\DP</Filter>
    </ClCompile>
    <ClCompile Include="DP_5.cpp">
      <Filter>소스 파일\DP</Filter>
    </ClCompile>
    <ClCompile Include="DP_6.cpp">
      <Filter>소스 파일\DP</Filter>
    </ClCompile>
    <ClCompile Include="DP_7.cpp">
      <Filter>소스 파일\DP</Filter>
    </ClCompile>
    <ClCompile Include="DP_9.cpp">
      <Filter>소스 파일\DP</Filter>
    </ClCompile>
    <ClCompile Include="DP_8.cpp">
      <Filter>소스 파일\DP</Filter>
    </ClCompile>
    <ClCompile Include="hash_map.cpp">
      <Filter>소스 파일\STRUCTURE</Filter>
    </ClCompile>
    <ClCompile Include="DP_10.cpp">
      <Filter>소스 파일\DP</Filter>
    </ClCompile>
    <ClCompile Include="DP_12.cpp">
      <Filter>소스 파일\DP</Filter>
    </ClCompile>
    <ClCompile Include="DP_11.cpp">
      <Filter>소스 파일\DP</Filter>
    </ClCompile>
    <ClCompile Include="CUBE.cpp">
      <Filter>소스 파일\RE</Filter>
    </ClCompile>
    <ClCompile Include="2098.cpp">
      <Filter>소스 파일\RE</Filter>
    </ClCompile>
    <ClCompile Include="16235.cpp">
      <Filter>소스 파일\RE</Filter>
    </ClCompile>
    <ClCompile Include="17070.cpp">
      <Filter>소스 파일</Filter>
    </ClCompile>
    <ClCompile Include="1103.cpp">
      <Filter>소스 파일\RE</Filter>
    </ClCompile>
    <ClCompile Include="2240.cpp">
      <Filter>소스 파일\BEFORE</Filter>
    </ClCompile>
    <ClCompile Include="4811.cpp">
      <Filter>소스 파일\RE</Filter>
    </ClCompile>
    <ClCompile Include="16236.cpp">
      <Filter>소스 파일</Filter>
    </ClCompile>
    <ClCompile Include="pr_5_1.cpp">
      <Filter>소스 파일\SWEA</Filter>
    </ClCompile>
    <ClCompile Include="pr_4.cpp">
      <Filter>소스 파일\SWEA</Filter>
    </ClCompile>
    <ClCompile Include="pr_3.cpp">
      <Filter>소스 파일\SWEA</Filter>
    </ClCompile>
    <ClCompile Include="pr_2.cpp">
      <Filter>소스 파일\SWEA</Filter>
    </ClCompile>
    <ClCompile Include="pr_1.cpp">
      <Filter>소스 파일\SWEA</Filter>
    </ClCompile>
    <ClCompile Include="pr_5.cpp">
      <Filter>소스 파일\SWEA</Filter>
    </ClCompile>
    <ClCompile Include="17144.cpp">
      <Filter>소스 파일</Filter>
    </ClCompile>
    <ClCompile Include="17143.cpp">
      <Filter>소스 파일</Filter>
    </ClCompile>
    <ClCompile Include="소스.cpp">
      <Filter>소스 파일</Filter>
    </ClCompile>
  </ItemGroup>
</Project>